// !$*UTF8*$!
{
	archiveVersion = 1;
	classes = {
	};
	objectVersion = 60;
	objects = {

/* Begin PBXBuildFile section */
		0ED8547A13D65AD62E83E8DD /* TraceListViewController.swift in Sources */ = {isa = PBXBuildFile; fileRef = 16290212547F245E47B51D23 /* TraceListViewController.swift */; };
		1F929AD0725E3606A1E5D4B0 /* TraceMacApp.swift in Sources */ = {isa = PBXBuildFile; fileRef = 56750D53BA59100C74D24848 /* TraceMacApp.swift */; };
		21702A73E14F1385BA119A37 /* SpanDetailViewController.swift in Sources */ = {isa = PBXBuildFile; fileRef = 4BC09D84C8A9111B254C585B /* SpanDetailViewController.swift */; };
		3A93C106AA8EE79D8353D7C1 /* SpanListViewController.swift in Sources */ = {isa = PBXBuildFile; fileRef = 94236251269A53DCB1449E9B /* SpanListViewController.swift */; };
		415790F8334D505CBD6AB87C /* TraceToolbarProvider.swift in Sources */ = {isa = PBXBuildFile; fileRef = 2D58C891FFEEC4DA6CF54BE9 /* TraceToolbarProvider.swift */; };
		58E9E626CB08D0144CFD72A2 /* TraceTimelineViewController.swift in Sources */ = {isa = PBXBuildFile; fileRef = 9F1870132EEEE9E7525D2615 /* TraceTimelineViewController.swift */; };
		C3B2A1D0E4F5A6B7C8D9E0F1 /* AppSettings.swift in Sources */ = {isa = PBXBuildFile; fileRef = F3E6D2A1B4C5D6E7F8A9B0C1 /* AppSettings.swift */; };
		C3B2A1D0E4F5A6B7C8D9E0F2 /* MainMenuBuilder.swift in Sources */ = {isa = PBXBuildFile; fileRef = F3E6D2A1B4C5D6E7F8A9B0C2 /* MainMenuBuilder.swift */; };
		C3B2A1D0E4F5A6B7C8D9E0F3 /* OnboardingWindowController.swift in Sources */ = {isa = PBXBuildFile; fileRef = F3E6D2A1B4C5D6E7F8A9B0C3 /* OnboardingWindowController.swift */; };
		C3B2A1D0E4F5A6B7C8D9E0F4 /* QuickstartWindowController.swift in Sources */ = {isa = PBXBuildFile; fileRef = F3E6D2A1B4C5D6E7F8A9B0C4 /* QuickstartWindowController.swift */; };
		C3B2A1D0E4F5A6B7C8D9E0F5 /* SampleTraces.swift in Sources */ = {isa = PBXBuildFile; fileRef = F3E6D2A1B4C5D6E7F8A9B0C5 /* SampleTraces.swift */; };
		C3B2A1D0E4F5A6B7C8D9E0F6 /* TraceDirectoryWatcher.swift in Sources */ = {isa = PBXBuildFile; fileRef = F3E6D2A1B4C5D6E7F8A9B0C6 /* TraceDirectoryWatcher.swift */; };
		C3B2A1D0E4F5A6B7C8D9E0F7 /* DiagnosticsExporter.swift in Sources */ = {isa = PBXBuildFile; fileRef = F3E6D2A1B4C5D6E7F8A9B0C7 /* DiagnosticsExporter.swift */; };
		C3B2A1D0E4F5A6B7C8D9E0F8 /* LegalDocs.swift in Sources */ = {isa = PBXBuildFile; fileRef = F3E6D2A1B4C5D6E7F8A9B0C8 /* LegalDocs.swift */; };
		C3B2A1D0E4F5A6B7C8D9E0F9 /* Clock.swift in Sources */ = {isa = PBXBuildFile; fileRef = F3E6D2A1B4C5D6E7F8A9B0C9 /* Clock.swift */; };
		C3B2A1D0E4F5A6B7C8D9E0FA /* Base64URL.swift in Sources */ = {isa = PBXBuildFile; fileRef = F3E6D2A1B4C5D6E7F8A9B0CA /* Base64URL.swift */; };
		C3B2A1D0E4F5A6B7C8D9E0FB /* LicensePayload.swift in Sources */ = {isa = PBXBuildFile; fileRef = F3E6D2A1B4C5D6E7F8A9B0CB /* LicensePayload.swift */; };
		C3B2A1D0E4F5A6B7C8D9E0FC /* LicenseKey.swift in Sources */ = {isa = PBXBuildFile; fileRef = F3E6D2A1B4C5D6E7F8A9B0CC /* LicenseKey.swift */; };
		C3B2A1D0E4F5A6B7C8D9E0FD /* LicenseVerifier.swift in Sources */ = {isa = PBXBuildFile; fileRef = F3E6D2A1B4C5D6E7F8A9B0CD /* LicenseVerifier.swift */; };
		C3B2A1D0E4F5A6B7C8D9E0FE /* TrialState.swift in Sources */ = {isa = PBXBuildFile; fileRef = F3E6D2A1B4C5D6E7F8A9B0CE /* TrialState.swift */; };
		C3B2A1D0E4F5A6B7C8D9E0FF /* KeychainStore.swift in Sources */ = {isa = PBXBuildFile; fileRef = F3E6D2A1B4C5D6E7F8A9B0CF /* KeychainStore.swift */; };
		C3B2A1D0E4F5A6B7C8D9E100 /* LicenseManager.swift in Sources */ = {isa = PBXBuildFile; fileRef = F3E6D2A1B4C5D6E7F8A9B0D0 /* LicenseManager.swift */; };
		C3B2A1D0E4F5A6B7C8D9E101 /* AppLog.swift in Sources */ = {isa = PBXBuildFile; fileRef = F3E6D2A1B4C5D6E7F8A9B0D1 /* AppLog.swift */; };
		C3B2A1D0E4F5A6B7C8D9E102 /* UpdaterController.swift in Sources */ = {isa = PBXBuildFile; fileRef = F3E6D2A1B4C5D6E7F8A9B0D2 /* UpdaterController.swift */; };
		9E5AB8512F345C81001C6D10 /* TerraTraceKit in Frameworks */ = {isa = PBXBuildFile; productRef = 98FC7F868181E1B88E4C8915 /* TerraTraceKit */; };
		A77CF202D4DB52FE2F136F14 /* AppCoordinator.swift in Sources */ = {isa = PBXBuildFile; fileRef = 3444AB8AD9FBB6977B0D815C /* AppCoordinator.swift */; };
		A8FF1DAC6109B370964015BA /* TraceSplitViewController.swift in Sources */ = {isa = PBXBuildFile; fileRef = BDF1BB59137B7FE5C741F97F /* TraceSplitViewController.swift */; };
		EC31F6E9B31BD9E0F5352D7C /* SpanInspectorSplitViewController.swift in Sources */ = {isa = PBXBuildFile; fileRef = 14A19D52574A60582DC50513 /* SpanInspectorSplitViewController.swift */; };
		ECFD9AF32508A1F8FA26B7FA /* TraceFormatter.swift in Sources */ = {isa = PBXBuildFile; fileRef = C93A27E75662C817DC87A80E /* TraceFormatter.swift */; };
		F31DBFC335E8FE2CD1B94742 /* TraceTimelineView.swift in Sources */ = {isa = PBXBuildFile; fileRef = A630779538627C6D6D3EFA11 /* TraceTimelineView.swift */; };
/* End PBXBuildFile section */

/* Begin PBXFileReference section */
		14A19D52574A60582DC50513 /* SpanInspectorSplitViewController.swift */ = {isa = PBXFileReference; includeInIndex = 1; lastKnownFileType = sourcecode.swift; path = SpanInspectorSplitViewController.swift; sourceTree = "<group>"; };
		16290212547F245E47B51D23 /* TraceListViewController.swift */ = {isa = PBXFileReference; includeInIndex = 1; lastKnownFileType = sourcecode.swift; path = TraceListViewController.swift; sourceTree = "<group>"; };
		2D58C891FFEEC4DA6CF54BE9 /* TraceToolbarProvider.swift */ = {isa = PBXFileReference; includeInIndex = 1; lastKnownFileType = sourcecode.swift; path = TraceToolbarProvider.swift; sourceTree = "<group>"; };
		3444AB8AD9FBB6977B0D815C /* AppCoordinator.swift */ = {isa = PBXFileReference; includeInIndex = 1; lastKnownFileType = sourcecode.swift; path = AppCoordinator.swift; sourceTree = "<group>"; };
		4BC09D84C8A9111B254C585B /* SpanDetailViewController.swift */ = {isa = PBXFileReference; includeInIndex = 1; lastKnownFileType = sourcecode.swift; path = SpanDetailViewController.swift; sourceTree = "<group>"; };
		56750D53BA59100C74D24848 /* TraceMacApp.swift */ = {isa = PBXFileReference; includeInIndex = 1; lastKnownFileType = sourcecode.swift; path = TraceMacApp.swift; sourceTree = "<group>"; };
		94236251269A53DCB1449E9B /* SpanListViewController.swift */ = {isa = PBXFileReference; includeInIndex = 1; lastKnownFileType = sourcecode.swift; path = SpanListViewController.swift; sourceTree = "<group>"; };
		9F1870132EEEE9E7525D2615 /* TraceTimelineViewController.swift */ = {isa = PBXFileReference; includeInIndex = 1; lastKnownFileType = sourcecode.swift; path = TraceTimelineViewController.swift; sourceTree = "<group>"; };
		A630779538627C6D6D3EFA11 /* TraceTimelineView.swift */ = {isa = PBXFileReference; includeInIndex = 1; lastKnownFileType = sourcecode.swift; path = TraceTimelineView.swift; sourceTree = "<group>"; };
		AC3C4ADB066A17F34C6E9542 /* Info.plist */ = {isa = PBXFileReference; includeInIndex = 1; lastKnownFileType = text.plist.xml; path = Info.plist; sourceTree = "<group>"; };
		BDF1BB59137B7FE5C741F97F /* TraceSplitViewController.swift */ = {isa = PBXFileReference; includeInIndex = 1; lastKnownFileType = sourcecode.swift; path = TraceSplitViewController.swift; sourceTree = "<group>"; };
		C93A27E75662C817DC87A80E /* TraceFormatter.swift */ = {isa = PBXFileReference; includeInIndex = 1; lastKnownFileType = sourcecode.swift; path = TraceFormatter.swift; sourceTree = "<group>"; };
		D77C6B1FE5D9B48E3B9492E3 /* TraceMacApp.app */ = {isa = PBXFileReference; explicitFileType = wrapper.application; includeInIndex = 0; path = TraceMacApp.app; sourceTree = BUILT_PRODUCTS_DIR; };
		F3E6D2A1B4C5D6E7F8A9B0C1 /* AppSettings.swift */ = {isa = PBXFileReference; includeInIndex = 1; lastKnownFileType = sourcecode.swift; path = AppSettings.swift; sourceTree = "<group>"; };
		F3E6D2A1B4C5D6E7F8A9B0C2 /* MainMenuBuilder.swift */ = {isa = PBXFileReference; includeInIndex = 1; lastKnownFileType = sourcecode.swift; path = MainMenuBuilder.swift; sourceTree = "<group>"; };
		F3E6D2A1B4C5D6E7F8A9B0C3 /* OnboardingWindowController.swift */ = {isa = PBXFileReference; includeInIndex = 1; lastKnownFileType = sourcecode.swift; path = OnboardingWindowController.swift; sourceTree = "<group>"; };
		F3E6D2A1B4C5D6E7F8A9B0C4 /* QuickstartWindowController.swift */ = {isa = PBXFileReference; includeInIndex = 1; lastKnownFileType = sourcecode.swift; path = QuickstartWindowController.swift; sourceTree = "<group>"; };
		F3E6D2A1B4C5D6E7F8A9B0C5 /* SampleTraces.swift */ = {isa = PBXFileReference; includeInIndex = 1; lastKnownFileType = sourcecode.swift; path = SampleTraces.swift; sourceTree = "<group>"; };
		F3E6D2A1B4C5D6E7F8A9B0C6 /* TraceDirectoryWatcher.swift */ = {isa = PBXFileReference; includeInIndex = 1; lastKnownFileType = sourcecode.swift; path = TraceDirectoryWatcher.swift; sourceTree = "<group>"; };
		F3E6D2A1B4C5D6E7F8A9B0C7 /* DiagnosticsExporter.swift */ = {isa = PBXFileReference; includeInIndex = 1; lastKnownFileType = sourcecode.swift; path = DiagnosticsExporter.swift; sourceTree = "<group>"; };
		F3E6D2A1B4C5D6E7F8A9B0C8 /* LegalDocs.swift */ = {isa = PBXFileReference; includeInIndex = 1; lastKnownFileType = sourcecode.swift; path = LegalDocs.swift; sourceTree = "<group>"; };
		F3E6D2A1B4C5D6E7F8A9B0C9 /* Clock.swift */ = {isa = PBXFileReference; includeInIndex = 1; lastKnownFileType = sourcecode.swift; path = Clock.swift; sourceTree = "<group>"; };
		F3E6D2A1B4C5D6E7F8A9B0CA /* Base64URL.swift */ = {isa = PBXFileReference; includeInIndex = 1; lastKnownFileType = sourcecode.swift; path = Base64URL.swift; sourceTree = "<group>"; };
		F3E6D2A1B4C5D6E7F8A9B0CB /* LicensePayload.swift */ = {isa = PBXFileReference; includeInIndex = 1; lastKnownFileType = sourcecode.swift; path = LicensePayload.swift; sourceTree = "<group>"; };
		F3E6D2A1B4C5D6E7F8A9B0CC /* LicenseKey.swift */ = {isa = PBXFileReference; includeInIndex = 1; lastKnownFileType = sourcecode.swift; path = LicenseKey.swift; sourceTree = "<group>"; };
		F3E6D2A1B4C5D6E7F8A9B0CD /* LicenseVerifier.swift */ = {isa = PBXFileReference; includeInIndex = 1; lastKnownFileType = sourcecode.swift; path = LicenseVerifier.swift; sourceTree = "<group>"; };
		F3E6D2A1B4C5D6E7F8A9B0CE /* TrialState.swift */ = {isa = PBXFileReference; includeInIndex = 1; lastKnownFileType = sourcecode.swift; path = TrialState.swift; sourceTree = "<group>"; };
		F3E6D2A1B4C5D6E7F8A9B0CF /* KeychainStore.swift */ = {isa = PBXFileReference; includeInIndex = 1; lastKnownFileType = sourcecode.swift; path = KeychainStore.swift; sourceTree = "<group>"; };
		F3E6D2A1B4C5D6E7F8A9B0D0 /* LicenseManager.swift */ = {isa = PBXFileReference; includeInIndex = 1; lastKnownFileType = sourcecode.swift; path = LicenseManager.swift; sourceTree = "<group>"; };
		F3E6D2A1B4C5D6E7F8A9B0D1 /* AppLog.swift */ = {isa = PBXFileReference; includeInIndex = 1; lastKnownFileType = sourcecode.swift; path = AppLog.swift; sourceTree = "<group>"; };
		F3E6D2A1B4C5D6E7F8A9B0D2 /* UpdaterController.swift */ = {isa = PBXFileReference; includeInIndex = 1; lastKnownFileType = sourcecode.swift; path = UpdaterController.swift; sourceTree = "<group>"; };
/* End PBXFileReference section */

/* Begin PBXFrameworksBuildPhase section */
		15AD0FBA5FE16E497CB504D7 /* Frameworks */ = {
			isa = PBXFrameworksBuildPhase;
			buildActionMask = 2147483647;
			files = (
				9E5AB8512F345C81001C6D10 /* TerraTraceKit in Frameworks */,
			);
			runOnlyForDeploymentPostprocessing = 0;
		};
/* End PBXFrameworksBuildPhase section */

/* Begin PBXGroup section */
		07961FC7562BF5CF147A81A7 /* Resources */ = {
			isa = PBXGroup;
			children = (
				AC3C4ADB066A17F34C6E9542 /* Info.plist */,
			);
			name = Resources;
			path = .;
			sourceTree = "<group>";
		};
		32CE2522DE3C62E3958E95D9 /* Sources */ = {
			isa = PBXGroup;
			children = (
				56750D53BA59100C74D24848 /* TraceMacApp.swift */,
				F3E6D2A1B4C5D6E7F8A9B0C1 /* AppSettings.swift */,
				F3E6D2A1B4C5D6E7F8A9B0D1 /* AppLog.swift */,
				F3E6D2A1B4C5D6E7F8A9B0D2 /* UpdaterController.swift */,
				F3E6D2A1B4C5D6E7F8A9B0C9 /* Clock.swift */,
				F3E6D2A1B4C5D6E7F8A9B0CA /* Base64URL.swift */,
				F3E6D2A1B4C5D6E7F8A9B0CB /* LicensePayload.swift */,
				F3E6D2A1B4C5D6E7F8A9B0CC /* LicenseKey.swift */,
				F3E6D2A1B4C5D6E7F8A9B0CD /* LicenseVerifier.swift */,
				F3E6D2A1B4C5D6E7F8A9B0CE /* TrialState.swift */,
				F3E6D2A1B4C5D6E7F8A9B0CF /* KeychainStore.swift */,
				F3E6D2A1B4C5D6E7F8A9B0D0 /* LicenseManager.swift */,
				3444AB8AD9FBB6977B0D815C /* AppCoordinator.swift */,
				F3E6D2A1B4C5D6E7F8A9B0C2 /* MainMenuBuilder.swift */,
				F3E6D2A1B4C5D6E7F8A9B0C3 /* OnboardingWindowController.swift */,
				F3E6D2A1B4C5D6E7F8A9B0C4 /* QuickstartWindowController.swift */,
				F3E6D2A1B4C5D6E7F8A9B0C5 /* SampleTraces.swift */,
				F3E6D2A1B4C5D6E7F8A9B0C6 /* TraceDirectoryWatcher.swift */,
				F3E6D2A1B4C5D6E7F8A9B0C7 /* DiagnosticsExporter.swift */,
				F3E6D2A1B4C5D6E7F8A9B0C8 /* LegalDocs.swift */,
				4BC09D84C8A9111B254C585B /* SpanDetailViewController.swift */,
				14A19D52574A60582DC50513 /* SpanInspectorSplitViewController.swift */,
				94236251269A53DCB1449E9B /* SpanListViewController.swift */,
				C93A27E75662C817DC87A80E /* TraceFormatter.swift */,
				16290212547F245E47B51D23 /* TraceListViewController.swift */,
				BDF1BB59137B7FE5C741F97F /* TraceSplitViewController.swift */,
				A630779538627C6D6D3EFA11 /* TraceTimelineView.swift */,
				9F1870132EEEE9E7525D2615 /* TraceTimelineViewController.swift */,
				2D58C891FFEEC4DA6CF54BE9 /* TraceToolbarProvider.swift */,
			);
			name = Sources;
			path = ../../Sources/TraceMacApp;
			sourceTree = "<group>";
		};
		33F19CEE874D39EE00236B3E = {
			isa = PBXGroup;
			children = (
				3975F36CDBEF1467F5241939 /* Products */,
				3612072C1CD44B5A1D8246A3 /* Frameworks */,
				32CE2522DE3C62E3958E95D9 /* Sources */,
				07961FC7562BF5CF147A81A7 /* Resources */,
			);
			sourceTree = "<group>";
		};
		3612072C1CD44B5A1D8246A3 /* Frameworks */ = {
			isa = PBXGroup;
			children = (
				B813E7111ECF0E338107610B /* OS X */,
			);
			name = Frameworks;
			sourceTree = "<group>";
		};
		3975F36CDBEF1467F5241939 /* Products */ = {
			isa = PBXGroup;
			children = (
				D77C6B1FE5D9B48E3B9492E3 /* TraceMacApp.app */,
			);
			name = Products;
			sourceTree = "<group>";
		};
		B813E7111ECF0E338107610B /* OS X */ = {
			isa = PBXGroup;
			children = (
			);
			name = "OS X";
			sourceTree = "<group>";
		};
/* End PBXGroup section */

/* Begin PBXNativeTarget section */
		A87C1F6CC0B243B75BBA14A0 /* TraceMacApp */ = {
			isa = PBXNativeTarget;
			buildConfigurationList = 133B44188763E745A7E04825 /* Build configuration list for PBXNativeTarget "TraceMacApp" */;
			buildPhases = (
				69E73B00266AE7727BA0473E /* Sources */,
				15AD0FBA5FE16E497CB504D7 /* Frameworks */,
				79E4AD068566A64B2FEB76F2 /* Resources */,
			);
			buildRules = (
			);
			dependencies = (
			);
			name = TraceMacApp;
			packageProductDependencies = (
				98FC7F868181E1B88E4C8915 /* TerraTraceKit */,
			);
			productName = TraceMacApp;
			productReference = D77C6B1FE5D9B48E3B9492E3 /* TraceMacApp.app */;
			productType = "com.apple.product-type.application";
		};
/* End PBXNativeTarget section */

/* Begin PBXProject section */
		81E6AA901192FE0C3F794112 /* Project object */ = {
			isa = PBXProject;
			attributes = {
				LastSwiftUpdateCheck = 1600;
				LastUpgradeCheck = 1600;
			};
			buildConfigurationList = 1BF1721DB171EB6A8EBDB62A /* Build configuration list for PBXProject "TraceMacApp" */;
			compatibilityVersion = "Xcode 3.2";
			developmentRegion = en;
			hasScannedForEncodings = 0;
			knownRegions = (
				en,
				Base,
			);
			mainGroup = 33F19CEE874D39EE00236B3E;
			packageReferences = (
				BEE75FD6FE1A36D2C5848C1D /* XCLocalSwiftPackageReference "../.." */,
			);
			productRefGroup = 3975F36CDBEF1467F5241939 /* Products */;
			projectDirPath = "";
			projectRoot = "";
			targets = (
				A87C1F6CC0B243B75BBA14A0 /* TraceMacApp */,
			);
		};
/* End PBXProject section */

/* Begin PBXResourcesBuildPhase section */
		79E4AD068566A64B2FEB76F2 /* Resources */ = {
			isa = PBXResourcesBuildPhase;
			buildActionMask = 2147483647;
			files = (
			);
			runOnlyForDeploymentPostprocessing = 0;
		};
/* End PBXResourcesBuildPhase section */

/* Begin PBXSourcesBuildPhase section */
		69E73B00266AE7727BA0473E /* Sources */ = {
			isa = PBXSourcesBuildPhase;
			buildActionMask = 2147483647;
			files = (
				1F929AD0725E3606A1E5D4B0 /* TraceMacApp.swift in Sources */,
				C3B2A1D0E4F5A6B7C8D9E0F1 /* AppSettings.swift in Sources */,
				C3B2A1D0E4F5A6B7C8D9E101 /* AppLog.swift in Sources */,
				C3B2A1D0E4F5A6B7C8D9E102 /* UpdaterController.swift in Sources */,
				C3B2A1D0E4F5A6B7C8D9E0F9 /* Clock.swift in Sources */,
				C3B2A1D0E4F5A6B7C8D9E0FA /* Base64URL.swift in Sources */,
				C3B2A1D0E4F5A6B7C8D9E0FB /* LicensePayload.swift in Sources */,
				C3B2A1D0E4F5A6B7C8D9E0FC /* LicenseKey.swift in Sources */,
				C3B2A1D0E4F5A6B7C8D9E0FD /* LicenseVerifier.swift in Sources */,
				C3B2A1D0E4F5A6B7C8D9E0FE /* TrialState.swift in Sources */,
				C3B2A1D0E4F5A6B7C8D9E0FF /* KeychainStore.swift in Sources */,
				C3B2A1D0E4F5A6B7C8D9E100 /* LicenseManager.swift in Sources */,
				A77CF202D4DB52FE2F136F14 /* AppCoordinator.swift in Sources */,
				C3B2A1D0E4F5A6B7C8D9E0F2 /* MainMenuBuilder.swift in Sources */,
				C3B2A1D0E4F5A6B7C8D9E0F3 /* OnboardingWindowController.swift in Sources */,
				C3B2A1D0E4F5A6B7C8D9E0F4 /* QuickstartWindowController.swift in Sources */,
				C3B2A1D0E4F5A6B7C8D9E0F5 /* SampleTraces.swift in Sources */,
				C3B2A1D0E4F5A6B7C8D9E0F6 /* TraceDirectoryWatcher.swift in Sources */,
				C3B2A1D0E4F5A6B7C8D9E0F7 /* DiagnosticsExporter.swift in Sources */,
				C3B2A1D0E4F5A6B7C8D9E0F8 /* LegalDocs.swift in Sources */,
				21702A73E14F1385BA119A37 /* SpanDetailViewController.swift in Sources */,
				EC31F6E9B31BD9E0F5352D7C /* SpanInspectorSplitViewController.swift in Sources */,
				3A93C106AA8EE79D8353D7C1 /* SpanListViewController.swift in Sources */,
				ECFD9AF32508A1F8FA26B7FA /* TraceFormatter.swift in Sources */,
				0ED8547A13D65AD62E83E8DD /* TraceListViewController.swift in Sources */,
				A8FF1DAC6109B370964015BA /* TraceSplitViewController.swift in Sources */,
				F31DBFC335E8FE2CD1B94742 /* TraceTimelineView.swift in Sources */,
				58E9E626CB08D0144CFD72A2 /* TraceTimelineViewController.swift in Sources */,
				415790F8334D505CBD6AB87C /* TraceToolbarProvider.swift in Sources */,
			);
			runOnlyForDeploymentPostprocessing = 0;
		};
/* End PBXSourcesBuildPhase section */

/* Begin XCBuildConfiguration section */
		BFC15DBE53B09EA57B9C56AA /* Release */ = {
			isa = XCBuildConfiguration;
			buildSettings = {
				ALWAYS_SEARCH_USER_PATHS = NO;
				CLANG_ANALYZER_NONNULL = YES;
				CLANG_ANALYZER_NUMBER_OBJECT_CONVERSION = YES_AGGRESSIVE;
				CLANG_CXX_LANGUAGE_STANDARD = "gnu++14";
				CLANG_CXX_LIBRARY = "libc++";
				CLANG_ENABLE_MODULES = YES;
				CLANG_ENABLE_OBJC_ARC = YES;
				CLANG_ENABLE_OBJC_WEAK = YES;
				CLANG_WARN_BLOCK_CAPTURE_AUTORELEASING = YES;
				CLANG_WARN_BOOL_CONVERSION = YES;
				CLANG_WARN_COMMA = YES;
				CLANG_WARN_CONSTANT_CONVERSION = YES;
				CLANG_WARN_DEPRECATED_OBJC_IMPLEMENTATIONS = YES;
				CLANG_WARN_DIRECT_OBJC_ISA_USAGE = YES_ERROR;
				CLANG_WARN_DOCUMENTATION_COMMENTS = YES;
				CLANG_WARN_EMPTY_BODY = YES;
				CLANG_WARN_ENUM_CONVERSION = YES;
				CLANG_WARN_INFINITE_RECURSION = YES;
				CLANG_WARN_INT_CONVERSION = YES;
				CLANG_WARN_NON_LITERAL_NULL_CONVERSION = YES;
				CLANG_WARN_OBJC_IMPLICIT_RETAIN_SELF = YES;
				CLANG_WARN_OBJC_LITERAL_CONVERSION = YES;
				CLANG_WARN_OBJC_ROOT_CLASS = YES_ERROR;
				CLANG_WARN_QUOTED_INCLUDE_IN_FRAMEWORK_HEADER = YES;
				CLANG_WARN_RANGE_LOOP_ANALYSIS = YES;
				CLANG_WARN_STRICT_PROTOTYPES = YES;
				CLANG_WARN_SUSPICIOUS_MOVE = YES;
				CLANG_WARN_UNGUARDED_AVAILABILITY = YES_AGGRESSIVE;
				CLANG_WARN_UNREACHABLE_CODE = YES;
				CLANG_WARN__DUPLICATE_METHOD_MATCH = YES;
				COPY_PHASE_STRIP = NO;
				DEBUG_INFORMATION_FORMAT = "dwarf-with-dsym";
				ENABLE_NS_ASSERTIONS = NO;
				ENABLE_STRICT_OBJC_MSGSEND = YES;
				GCC_C_LANGUAGE_STANDARD = gnu11;
				GCC_NO_COMMON_BLOCKS = YES;
				GCC_WARN_64_TO_32_BIT_CONVERSION = YES;
				GCC_WARN_ABOUT_RETURN_TYPE = YES_ERROR;
				GCC_WARN_UNDECLARED_SELECTOR = YES;
				GCC_WARN_UNINITIALIZED_AUTOS = YES_AGGRESSIVE;
				GCC_WARN_UNUSED_FUNCTION = YES;
				GCC_WARN_UNUSED_VARIABLE = YES;
				MTL_ENABLE_DEBUG_INFO = NO;
				MTL_FAST_MATH = YES;
				PRODUCT_NAME = "$(TARGET_NAME)";
				SWIFT_COMPILATION_MODE = wholemodule;
				SWIFT_OPTIMIZATION_LEVEL = "-O";
				SWIFT_VERSION = 5.9;
			};
			name = Release;
		};
		E86E61E8C9CA0579E40C8E63 /* Debug */ = {
			isa = XCBuildConfiguration;
			buildSettings = {
				ALWAYS_SEARCH_USER_PATHS = NO;
				CLANG_ANALYZER_NONNULL = YES;
				CLANG_ANALYZER_NUMBER_OBJECT_CONVERSION = YES_AGGRESSIVE;
				CLANG_CXX_LANGUAGE_STANDARD = "gnu++14";
				CLANG_CXX_LIBRARY = "libc++";
				CLANG_ENABLE_MODULES = YES;
				CLANG_ENABLE_OBJC_ARC = YES;
				CLANG_ENABLE_OBJC_WEAK = YES;
				CLANG_WARN_BLOCK_CAPTURE_AUTORELEASING = YES;
				CLANG_WARN_BOOL_CONVERSION = YES;
				CLANG_WARN_COMMA = YES;
				CLANG_WARN_CONSTANT_CONVERSION = YES;
				CLANG_WARN_DEPRECATED_OBJC_IMPLEMENTATIONS = YES;
				CLANG_WARN_DIRECT_OBJC_ISA_USAGE = YES_ERROR;
				CLANG_WARN_DOCUMENTATION_COMMENTS = YES;
				CLANG_WARN_EMPTY_BODY = YES;
				CLANG_WARN_ENUM_CONVERSION = YES;
				CLANG_WARN_INFINITE_RECURSION = YES;
				CLANG_WARN_INT_CONVERSION = YES;
				CLANG_WARN_NON_LITERAL_NULL_CONVERSION = YES;
				CLANG_WARN_OBJC_IMPLICIT_RETAIN_SELF = YES;
				CLANG_WARN_OBJC_LITERAL_CONVERSION = YES;
				CLANG_WARN_OBJC_ROOT_CLASS = YES_ERROR;
				CLANG_WARN_QUOTED_INCLUDE_IN_FRAMEWORK_HEADER = YES;
				CLANG_WARN_RANGE_LOOP_ANALYSIS = YES;
				CLANG_WARN_STRICT_PROTOTYPES = YES;
				CLANG_WARN_SUSPICIOUS_MOVE = YES;
				CLANG_WARN_UNGUARDED_AVAILABILITY = YES_AGGRESSIVE;
				CLANG_WARN_UNREACHABLE_CODE = YES;
				CLANG_WARN__DUPLICATE_METHOD_MATCH = YES;
				COPY_PHASE_STRIP = NO;
				DEBUG_INFORMATION_FORMAT = dwarf;
				ENABLE_STRICT_OBJC_MSGSEND = YES;
				ENABLE_TESTABILITY = YES;
				GCC_C_LANGUAGE_STANDARD = gnu11;
				GCC_DYNAMIC_NO_PIC = NO;
				GCC_NO_COMMON_BLOCKS = YES;
				GCC_OPTIMIZATION_LEVEL = 0;
				GCC_PREPROCESSOR_DEFINITIONS = (
					"DEBUG=1",
					"$(inherited)",
				);
				GCC_WARN_64_TO_32_BIT_CONVERSION = YES;
				GCC_WARN_ABOUT_RETURN_TYPE = YES_ERROR;
				GCC_WARN_UNDECLARED_SELECTOR = YES;
				GCC_WARN_UNINITIALIZED_AUTOS = YES_AGGRESSIVE;
				GCC_WARN_UNUSED_FUNCTION = YES;
				GCC_WARN_UNUSED_VARIABLE = YES;
				MTL_ENABLE_DEBUG_INFO = INCLUDE_SOURCE;
				MTL_FAST_MATH = YES;
				ONLY_ACTIVE_ARCH = YES;
				PRODUCT_NAME = "$(TARGET_NAME)";
				SWIFT_ACTIVE_COMPILATION_CONDITIONS = DEBUG;
				SWIFT_OPTIMIZATION_LEVEL = "-Onone";
				SWIFT_VERSION = 5.9;
			};
			name = Debug;
		};
		F9A2C24C0FD4D7D0647F8096 /* Debug */ = {
			isa = XCBuildConfiguration;
			buildSettings = {
				ASSETCATALOG_COMPILER_APPICON_NAME = AppIcon;
				ASSETCATALOG_COMPILER_GLOBAL_ACCENT_COLOR_NAME = AccentColor;
				CODE_SIGN_STYLE = Automatic;
				CODE_SIGN_ENTITLEMENTS = TraceMacApp.entitlements;
				COMBINE_HIDPI_IMAGES = YES;
				ENABLE_HARDENED_RUNTIME = YES;
				INFOPLIST_FILE = Info.plist;
				LD_RUNPATH_SEARCH_PATHS = (
					"$(inherited)",
					"@executable_path/../Frameworks",
				);
				MACOSX_DEPLOYMENT_TARGET = 14.0;
				PRODUCT_BUNDLE_IDENTIFIER = com.terra.TraceMacApp;
				SDKROOT = macosx;
				SWIFT_VERSION = 5.9;
			};
			name = Debug;
		};
		FA7070A987A50A80A5489672 /* Release */ = {
			isa = XCBuildConfiguration;
			buildSettings = {
				ASSETCATALOG_COMPILER_APPICON_NAME = AppIcon;
				ASSETCATALOG_COMPILER_GLOBAL_ACCENT_COLOR_NAME = AccentColor;
				CODE_SIGN_STYLE = Automatic;
				CODE_SIGN_ENTITLEMENTS = TraceMacApp.entitlements;
				COMBINE_HIDPI_IMAGES = YES;
				ENABLE_HARDENED_RUNTIME = YES;
				INFOPLIST_FILE = Info.plist;
				LD_RUNPATH_SEARCH_PATHS = (
					"$(inherited)",
					"@executable_path/../Frameworks",
				);
				MACOSX_DEPLOYMENT_TARGET = 14.0;
				PRODUCT_BUNDLE_IDENTIFIER = com.terra.TraceMacApp;
				SDKROOT = macosx;
				SWIFT_VERSION = 5.9;
			};
			name = Release;
		};
/* End XCBuildConfiguration section */

/* Begin XCConfigurationList section */
		133B44188763E745A7E04825 /* Build configuration list for PBXNativeTarget "TraceMacApp" */ = {
			isa = XCConfigurationList;
			buildConfigurations = (
				FA7070A987A50A80A5489672 /* Release */,
				F9A2C24C0FD4D7D0647F8096 /* Debug */,
			);
			defaultConfigurationIsVisible = 0;
			defaultConfigurationName = Release;
		};
		1BF1721DB171EB6A8EBDB62A /* Build configuration list for PBXProject "TraceMacApp" */ = {
			isa = XCConfigurationList;
			buildConfigurations = (
				E86E61E8C9CA0579E40C8E63 /* Debug */,
				BFC15DBE53B09EA57B9C56AA /* Release */,
			);
			defaultConfigurationIsVisible = 0;
			defaultConfigurationName = Release;
		};
/* End XCConfigurationList section */

/* Begin XCLocalSwiftPackageReference section */
		BEE75FD6FE1A36D2C5848C1D /* XCLocalSwiftPackageReference "../.." */ = {
			isa = XCLocalSwiftPackageReference;
			relativePath = ../..;
		};
/* End XCLocalSwiftPackageReference section */

/* Begin XCSwiftPackageProductDependency section */
		98FC7F868181E1B88E4C8915 /* TerraTraceKit */ = {
			isa = XCSwiftPackageProductDependency;
			package = BEE75FD6FE1A36D2C5848C1D /* XCLocalSwiftPackageReference "../.." */;
			productName = TerraTraceKit;
		};
/* End XCSwiftPackageProductDependency section */
	};
	rootObject = 81E6AA901192FE0C3F794112 /* Project object */;
}
